
Microsoft Visual Studio Solution File, Format Version 12.00
# Visual Studio Version 16
VisualStudioVersion = 16.0.33328.57
MinimumVisualStudioVersion = 10.0.40219.1
Project("{FAE04EC0-301F-11D3-BF4B-00C04F79EFBC}") = "RH2_TheForceFramework", "RH2_TheForceFramework.csproj", "{6C05FC92-EF65-430D-A742-0FBF82AD9C09}"
EndProject
Global
	GlobalSection(SolutionConfigurationPlatforms) = preSolution
		Debug|Any CPU = Debug|Any CPU
		Release|Any CPU = Release|Any CPU
	EndGlobalSection
	GlobalSection(ProjectConfigurationPlatforms) = postSolution
		{6C05FC92-EF65-430D-A742-0FBF82AD9C09}.Debug|Any CPU.ActiveCfg = Debug|Any CPU
		{6C05FC92-EF65-430D-A742-0FBF82AD9C09}.Debug|Any CPU.Build.0 = Debug|Any CPU
		{6C05FC92-EF65-430D-A742-0FBF82AD9C09}.Release|Any CPU.ActiveCfg = Release|Any CPU
		{6C05FC92-EF65-430D-A742-0FBF82AD9C09}.Release|Any CPU.Build.0 = Release|Any CPU
	EndGlobalSection
	GlobalSection(SolutionProperties) = preSolution
		HideSolutionNode = FALSE
	EndGlobalSection
	GlobalSection(ExtensibilityGlobals) = postSolution
		SolutionGuid = {5A8A8D69-B025-4E27-8C0A-6CC365101596}
	EndGlobalSection
EndGlobal
